# Generated by conda-lock.
# platform: linux-64
# input_hash: 7361a50c02f101a0021e1cfaa787e3f625b83dd91809c24ab2d8be44c04280bb
@EXPLICIT
https://conda.anaconda.org/conda-forge/linux-64/_libgcc_mutex-0.1-conda_forge.tar.bz2#d7c89558ba9fa0495403155b64376d81
https://conda.anaconda.org/conda-forge/linux-64/ca-certificates-2021.10.8-ha878542_0.tar.bz2#575611b8a84f45960e87722eeb51fa26
https://conda.anaconda.org/conda-forge/noarch/font-ttf-dejavu-sans-mono-2.37-hab24e00_0.tar.bz2#0c96522c6bdaed4b1566d11387caaf45
https://conda.anaconda.org/conda-forge/noarch/font-ttf-inconsolata-3.000-h77eed37_0.tar.bz2#34893075a5c9e55cdafac56607368fc6
https://conda.anaconda.org/conda-forge/noarch/font-ttf-source-code-pro-2.038-h77eed37_0.tar.bz2#4d59c254e01d9cde7957100457e2d5fb
https://conda.anaconda.org/conda-forge/noarch/font-ttf-ubuntu-0.83-hab24e00_0.tar.bz2#19410c3df09dfb12d1206132a1d357c5
https://conda.anaconda.org/conda-forge/linux-64/ld_impl_linux-64-2.36.1-hea4e1c9_2.tar.bz2#bd4f2e711b39af170e7ff15163fe87ee
https://conda.anaconda.org/conda-forge/linux-64/libgfortran5-11.2.0-h5c6108e_12.tar.bz2#f547bf125ab234cec9c89491b262fc2f
https://conda.anaconda.org/conda-forge/linux-64/libstdcxx-ng-11.2.0-he4da1e4_12.tar.bz2#7ff3b832ba5e6918c0d026976359d065
https://conda.anaconda.org/conda-forge/linux-64/mysql-common-8.0.28-ha770c72_0.tar.bz2#56594fdd5a80774a80d546fbbccf2c03
https://conda.anaconda.org/conda-forge/noarch/fonts-conda-forge-1-0.tar.bz2#f766549260d6815b0c52253f1fb1bb29
https://conda.anaconda.org/conda-forge/linux-64/libgfortran-ng-11.2.0-h69a702a_12.tar.bz2#33c165be455015cc74e8d857182f3f58
https://conda.anaconda.org/conda-forge/noarch/fonts-conda-ecosystem-1-0.tar.bz2#fee5683a3f04bd15cbd8318b096a27ab
https://conda.anaconda.org/conda-forge/linux-64/_openmp_mutex-4.5-1_llvm.tar.bz2#fa8d764c883a53d22ce622bea830c818
https://conda.anaconda.org/conda-forge/linux-64/libgcc-ng-11.2.0-h1d223b6_12.tar.bz2#d34efbb8d7d6312c816b4bb647b818b1
https://conda.anaconda.org/conda-forge/linux-64/alsa-lib-1.2.3-h516909a_0.tar.bz2#1378b88874f42ac31b2f8e4f6975cb7b
https://conda.anaconda.org/conda-forge/linux-64/bzip2-1.0.8-h7f98852_4.tar.bz2#a1fd65c7ccbf10880423d82bca54eb54
https://conda.anaconda.org/conda-forge/linux-64/cudatoolkit-10.0.130-hf841e97_10.tar.bz2#e35564e8a64246f3321945a7c7107b74
https://conda.anaconda.org/conda-forge/linux-64/expat-2.4.4-h9c3ff4c_0.tar.bz2#3cedab1fd76644efd516e1b271f2da95
https://conda.anaconda.org/conda-forge/linux-64/gmp-6.2.1-h58526e2_0.tar.bz2#b94cf2db16066b242ebd26db2facbd56
https://conda.anaconda.org/conda-forge/linux-64/icu-69.1-h9c3ff4c_0.tar.bz2#e0773c9556d588b062a4e1424a6a02fa
https://conda.anaconda.org/conda-forge/linux-64/jbig-2.1-h7f98852_2003.tar.bz2#1aa0cee79792fa97b7ff4545110b60bf
https://conda.anaconda.org/conda-forge/linux-64/jpeg-9e-h7f98852_0.tar.bz2#5c214edc675a7fb7cbb34b1d854e5141
https://conda.anaconda.org/conda-forge/linux-64/lame-3.100-h7f98852_1001.tar.bz2#60939f1940312bba87bb2e4da5032f99
https://conda.anaconda.org/conda-forge/linux-64/lerc-3.0-h9c3ff4c_0.tar.bz2#7fcefde484980d23f0ec24c11e314d2e
https://conda.anaconda.org/conda-forge/linux-64/libbrotlicommon-1.0.9-h7f98852_6.tar.bz2#b0f44f63f7d771d7670747a1dd5d5ac1
https://conda.anaconda.org/conda-forge/linux-64/libdeflate-1.10-h7f98852_0.tar.bz2#ffa3a757a97e851293909b49f49f28fb
https://conda.anaconda.org/conda-forge/linux-64/libffi-3.4.2-h7f98852_5.tar.bz2#d645c6d2ac96843a2bfaccd2d62b3ac3
https://conda.anaconda.org/conda-forge/linux-64/libiconv-1.16-h516909a_0.tar.bz2#5c0f338a513a2943c659ae619fca9211
https://conda.anaconda.org/conda-forge/linux-64/libnsl-2.0.0-h7f98852_0.tar.bz2#39b1328babf85c7c3a61636d9cd50206
https://conda.anaconda.org/conda-forge/linux-64/libogg-1.3.4-h7f98852_1.tar.bz2#6e8cc2173440d77708196c5b93771680
https://conda.anaconda.org/conda-forge/linux-64/libopenblas-0.3.18-pthreads_h8fe5266_0.tar.bz2#41532e4448c0cce086d6570f95e4e12e
https://conda.anaconda.org/conda-forge/linux-64/libopus-1.3.1-h7f98852_1.tar.bz2#15345e56d527b330e1cacbdf58676e8f
https://conda.anaconda.org/conda-forge/linux-64/libsodium-1.0.18-h36c2ea0_1.tar.bz2#c3788462a6fbddafdb413a9f9053e58d
https://conda.anaconda.org/conda-forge/linux-64/libuuid-2.32.1-h7f98852_1000.tar.bz2#772d69f030955d9646d3d0eaf21d859d
https://conda.anaconda.org/conda-forge/linux-64/libwebp-base-1.2.2-h7f98852_1.tar.bz2#46cf26ecc8775a0aab300ea1821aaa3c
https://conda.anaconda.org/conda-forge/linux-64/libzlib-1.2.11-h36c2ea0_1013.tar.bz2#dcddf696ff5dfcab567100d691678e18
https://conda.anaconda.org/conda-forge/linux-64/lz4-c-1.9.3-h9c3ff4c_1.tar.bz2#fbe97e8fa6f275d7c76a09e795adc3e6
https://conda.anaconda.org/conda-forge/linux-64/ncurses-6.3-h9c3ff4c_0.tar.bz2#fb31bcb7af058244479ca635d20f0f4a
https://conda.anaconda.org/conda-forge/linux-64/nettle-3.6-he412f7d_0.tar.bz2#f050099af540c1c960c813b06bca89ad
https://conda.anaconda.org/conda-forge/linux-64/ninja-1.10.2-h4bd325d_1.tar.bz2#1283461c9985703f86f89655344f7e33
https://conda.anaconda.org/conda-forge/linux-64/nspr-4.32-h9c3ff4c_1.tar.bz2#29ded371806431b0499aaee146abfc3e
https://conda.anaconda.org/conda-forge/linux-64/openssl-1.1.1l-h7f98852_0.tar.bz2#de7b38a1542dbe6f41653a8ae71adc53
https://conda.anaconda.org/conda-forge/linux-64/pcre-8.45-h9c3ff4c_0.tar.bz2#c05d1820a6d34ff07aaaab7a9b7eddaa
https://conda.anaconda.org/conda-forge/linux-64/pthread-stubs-0.4-h36c2ea0_1001.tar.bz2#22dad4df6e8630e8dff2428f6f6a7036
https://conda.anaconda.org/conda-forge/linux-64/tbb-2021.5.0-h4bd325d_0.tar.bz2#177212960e0beb4323deaee9d17afd2a
https://conda.anaconda.org/conda-forge/linux-64/xorg-libxau-1.0.9-h7f98852_0.tar.bz2#bf6f803a544f26ebbdc3bfff272eb179
https://conda.anaconda.org/conda-forge/linux-64/xorg-libxdmcp-1.1.3-h7f98852_0.tar.bz2#be93aabceefa2fac576e971aef407908
https://conda.anaconda.org/conda-forge/linux-64/xz-5.2.5-h516909a_1.tar.bz2#33f601066901f3e1a85af3522a8113f9
https://conda.anaconda.org/conda-forge/linux-64/yaml-0.2.5-h7f98852_2.tar.bz2#4cb3ad778ec2d5a7acbdf254eb1c42ae
https://conda.anaconda.org/conda-forge/linux-64/gettext-0.19.8.1-h73d1719_1008.tar.bz2#af49250eca8e139378f8ff0ae9e57251
https://conda.anaconda.org/conda-forge/linux-64/gnutls-3.6.13-h85f3911_1.tar.bz2#7d1b6fff16c1431d96cb4934938799fd
https://conda.anaconda.org/conda-forge/linux-64/libblas-3.9.0-13_linux64_openblas.tar.bz2#8a4038563ed92dfa622bd72c0d8f31d3
https://conda.anaconda.org/conda-forge/linux-64/libbrotlidec-1.0.9-h7f98852_6.tar.bz2#c7c03a2592cac92246a13a0732bd1573
https://conda.anaconda.org/conda-forge/linux-64/libbrotlienc-1.0.9-h7f98852_6.tar.bz2#28bfe0a70154e6881da7bae97517c948
https://conda.anaconda.org/conda-forge/linux-64/libedit-3.1.20191231-he28a2e2_2.tar.bz2#4d331e44109e3f0e19b4cb8f9b82f3e1
https://conda.anaconda.org/conda-forge/linux-64/libevent-2.1.10-h9b69904_4.tar.bz2#390026683aef81db27ff1b8570ca1336
https://conda.anaconda.org/conda-forge/linux-64/libllvm13-13.0.1-hf817b99_0.tar.bz2#8fd6f0628d54935a4620b8dcbf300ee3
https://conda.anaconda.org/conda-forge/linux-64/libvorbis-1.3.7-h9c3ff4c_0.tar.bz2#309dec04b70a3cc0f1e84a4013683bc0
https://conda.anaconda.org/conda-forge/linux-64/libxcb-1.13-h7f98852_1004.tar.bz2#b3653fdc58d03face9724f602218a904
https://conda.anaconda.org/conda-forge/linux-64/llvm-openmp-13.0.1-hf817b99_0.tar.bz2#e2bb00b02225b9f29a110a82d2c39daa
https://conda.anaconda.org/conda-forge/linux-64/readline-8.1-h46c0cb4_0.tar.bz2#5788de3c8d7a7d64ac56c784c4ef48e6
https://conda.anaconda.org/conda-forge/linux-64/zeromq-4.3.4-h9c3ff4c_1.tar.bz2#21743a8d2ea0c8cfbbf8fe489b0347df
https://conda.anaconda.org/conda-forge/linux-64/zlib-1.2.11-h36c2ea0_1013.tar.bz2#cf7190238072a41e9579e4476a6a60b8
https://conda.anaconda.org/conda-forge/linux-64/zstd-1.5.2-ha95c52a_0.tar.bz2#5222b231b1ef49a7f60d40b363469b70
https://conda.anaconda.org/conda-forge/linux-64/brotli-bin-1.0.9-h7f98852_6.tar.bz2#9e94bf16f14c78a36561d5019f490d22
https://conda.anaconda.org/conda-forge/linux-64/libcblas-3.9.0-13_linux64_openblas.tar.bz2#b17676dbd6688396c3a3076259fb7907
https://conda.anaconda.org/conda-forge/linux-64/libclang-13.0.1-default_hc23dcda_0.tar.bz2#8cebb0736cba83485b13dc10d242d96d
https://conda.anaconda.org/conda-forge/linux-64/libglib-2.70.2-h174f98d_4.tar.bz2#d44314ffae96b17657fbf3f8e47b04fc
https://conda.anaconda.org/conda-forge/linux-64/liblapack-3.9.0-13_linux64_openblas.tar.bz2#018b80e8f21d8560ae4961567e3e00c9
https://conda.anaconda.org/conda-forge/linux-64/libpng-1.6.37-h21135ba_2.tar.bz2#b6acf807307d033d4b7e758b4f44b036
https://conda.anaconda.org/conda-forge/linux-64/libprotobuf-3.19.4-h780b84a_0.tar.bz2#9ff9ab8cc887d4bdebc7c7dba641626f
https://conda.anaconda.org/conda-forge/linux-64/libtiff-4.3.0-h542a066_3.tar.bz2#1a0efb4dfd880b0376da8e1ba39fa838
https://conda.anaconda.org/conda-forge/linux-64/libxml2-2.9.12-h885dcf4_1.tar.bz2#d1355eaa48f465782f228275a0a69771
https://conda.anaconda.org/conda-forge/linux-64/mkl-2022.0.1-h8d4b97c_803.tar.bz2#11eb515b8a4a00ce88f3bfadbdf93fb3
https://conda.anaconda.org/conda-forge/linux-64/mysql-libs-8.0.28-hfa10184_0.tar.bz2#aac17542e50a474e2e632878dc696d50
https://conda.anaconda.org/conda-forge/linux-64/openh264-2.1.1-h780b84a_0.tar.bz2#034a6f90f1bbc7ba11d04b84ec9d74c8
https://conda.anaconda.org/conda-forge/linux-64/sqlite-3.37.0-h9cd32fc_0.tar.bz2#eb66fc098824d25518a79e83d12a81d6
https://conda.anaconda.org/conda-forge/linux-64/tk-8.6.11-h27826a3_1.tar.bz2#84e76fb280e735fec1efd2d21fd9cb27
https://conda.anaconda.org/conda-forge/linux-64/brotli-1.0.9-h7f98852_6.tar.bz2#612385c4a83edb0619fe911d9da317f4
https://conda.anaconda.org/conda-forge/linux-64/dbus-1.13.6-h5008d03_3.tar.bz2#ecfff944ba3960ecb334b9a2663d708d
https://conda.anaconda.org/conda-forge/linux-64/freetype-2.10.4-h0708190_1.tar.bz2#4a06f2ac2e5bfae7b6b245171c3f07aa
https://conda.anaconda.org/conda-forge/linux-64/gstreamer-1.18.5-h9f60fe5_3.tar.bz2#511aa83cdfcc0132380db5daf2f15f27
https://conda.anaconda.org/conda-forge/linux-64/krb5-1.19.2-hcc1bbae_3.tar.bz2#e29650992ae593bc05fc93722483e5c3
https://conda.anaconda.org/conda-forge/linux-64/lcms2-2.12-hddcbb42_0.tar.bz2#797117394a4aa588de6d741b06fad80f
https://conda.anaconda.org/conda-forge/linux-64/libxkbcommon-1.0.3-he3ba5ed_0.tar.bz2#f9dbabc7e01c459ed7a1d1d64b206e9b
https://conda.anaconda.org/conda-forge/linux-64/nss-3.74-hb5efdd6_0.tar.bz2#136876ca50177058594f6c2944e95c40
https://conda.anaconda.org/conda-forge/linux-64/openjpeg-2.4.0-hb52868f_1.tar.bz2#b7ad78ad2e9ee155f59e6428406ee824
https://conda.anaconda.org/conda-forge/linux-64/python-3.7.12-hb7a2778_100_cpython.tar.bz2#2d94b3e6a9fdaf83f6955d008c8011a7
https://conda.anaconda.org/conda-forge/noarch/backcall-0.2.0-pyh9f0ad1d_0.tar.bz2#6006a6d08a3fa99268a2681c7fb55213
https://conda.anaconda.org/conda-forge/noarch/backports-1.0-py_2.tar.bz2#0da16b293affa6ac31812376f8eb79dd
https://conda.anaconda.org/conda-forge/noarch/charset-normalizer-2.0.11-pyhd8ed1ab_0.tar.bz2#e51530e33440ea8044edb0076cb40a0f
https://conda.anaconda.org/conda-forge/noarch/click-7.1.2-pyh9f0ad1d_0.tar.bz2#bd50a970ce07e660c319fdc4d730d3f1
https://conda.anaconda.org/conda-forge/noarch/colorama-0.4.4-pyh9f0ad1d_0.tar.bz2#c08b4c1326b880ed44f3ffb04803332f
https://conda.anaconda.org/conda-forge/noarch/configparser-5.2.0-pyhd8ed1ab_0.tar.bz2#ca9cb68687bb3c9406943ac0a5345f1f
https://conda.anaconda.org/conda-forge/noarch/cycler-0.11.0-pyhd8ed1ab_0.tar.bz2#a50559fad0affdbb33729a68669ca1cb
https://conda.anaconda.org/conda-forge/noarch/dataclasses-0.8-pyhc8e2a94_3.tar.bz2#a362b2124b06aad102e2ee4581acee7d
https://conda.anaconda.org/conda-forge/noarch/decorator-5.1.1-pyhd8ed1ab_0.tar.bz2#43afe5ab04e35e17ba28649471dd7364
https://conda.anaconda.org/conda-forge/noarch/entrypoints-0.4-pyhd8ed1ab_0.tar.bz2#3cf04868fee0a029769bd41f4b2fbf2d
https://conda.anaconda.org/pytorch/linux-64/ffmpeg-4.3-hf484d3e_0.tar.bz2#0b0bf7c3d7e146ef91de5310bbf7a230
https://conda.anaconda.org/conda-forge/linux-64/fontconfig-2.13.96-ha180cfb_0.tar.bz2#d190a1c55c84ba1c9a33484a38ece029
https://conda.anaconda.org/conda-forge/linux-64/gst-plugins-base-1.18.5-hf529b03_3.tar.bz2#524a9f1718bac53a6cf4906bcc51d044
https://conda.anaconda.org/conda-forge/noarch/idna-3.3-pyhd8ed1ab_0.tar.bz2#40b50b8b030f5f2f22085c062ed013dd
https://conda.anaconda.org/conda-forge/linux-64/libpq-14.2-hd57d9b9_0.tar.bz2#91b38e297e1cc79f88f7cbf7bdb248e0
https://conda.anaconda.org/conda-forge/noarch/munkres-1.1.4-pyh9f0ad1d_0.tar.bz2#2ba8498c1018c1e9c61eb99b973dfe19
https://conda.anaconda.org/conda-forge/noarch/nest-asyncio-1.5.4-pyhd8ed1ab_0.tar.bz2#0d86e4e6ac78912f3f47e0453b124aca
https://conda.anaconda.org/fastai/noarch/nvidia-ml-py3-7.352.0-py_0.tar.bz2#d5cf5d02771dc257233a3c2986aedcbf
https://conda.anaconda.org/conda-forge/noarch/olefile-0.46-pyh9f0ad1d_1.tar.bz2#0b2e68acc8c78c8cc392b90983481f58
https://conda.anaconda.org/conda-forge/noarch/parso-0.8.3-pyhd8ed1ab_0.tar.bz2#17a565a0c3899244e938cdf417e7b094
https://conda.anaconda.org/conda-forge/noarch/pathtools-0.1.2-py_1.tar.bz2#7c9b5632c61951216374dbaa34659301
https://conda.anaconda.org/conda-forge/noarch/pickleshare-0.7.5-py_1003.tar.bz2#415f0ebb6198cc2801c73438a9fb5761
https://conda.anaconda.org/conda-forge/noarch/ptyprocess-0.7.0-pyhd3deb0d_0.tar.bz2#359eeb6536da0e687af562ed265ec263
https://conda.anaconda.org/conda-forge/noarch/pycparser-2.21-pyhd8ed1ab_0.tar.bz2#076becd9e05608f8dc72757d5f3a91ff
https://conda.anaconda.org/conda-forge/noarch/pyparsing-3.0.7-pyhd8ed1ab_0.tar.bz2#727e2216d9c47455d8ddc060eb2caad9
https://conda.anaconda.org/conda-forge/linux-64/python_abi-3.7-2_cp37m.tar.bz2#afff88bf9a7048da740c70aeb8cdbb82
https://conda.anaconda.org/conda-forge/noarch/pytz-2021.3-pyhd8ed1ab_0.tar.bz2#7e4f811bff46a5a6a7e0094921389395
https://conda.anaconda.org/conda-forge/noarch/shellingham-1.4.0-pyh44b312d_0.tar.bz2#437655338696f9d0dfdb0a024e66b255
https://conda.anaconda.org/conda-forge/noarch/six-1.16.0-pyh6c4a22f_0.tar.bz2#e5f25f8dbc060e9a8d912e432202afc2
https://conda.anaconda.org/conda-forge/noarch/smart_open-5.2.1-pyhd8ed1ab_0.tar.bz2#c7a838c38e38c82edde371a9054e6c92
https://conda.anaconda.org/conda-forge/noarch/smmap-3.0.5-pyh44b312d_0.tar.bz2#3a8dc70789709aa315325d5df06fb7e4
https://conda.anaconda.org/conda-forge/noarch/soupsieve-2.3.1-pyhd8ed1ab_0.tar.bz2#d821b295c4bd18ad27e1e19543a5784a
https://conda.anaconda.org/conda-forge/noarch/spacy-legacy-3.0.8-pyhd8ed1ab_0.tar.bz2#9d4bf07a6a57df1dbf95572b0e4c067a
https://conda.anaconda.org/conda-forge/noarch/subprocess32-3.5.4-py_1.tar.bz2#9756be877a60d451613367a4c29bf3e0
https://conda.anaconda.org/conda-forge/noarch/termcolor-1.1.0-py_2.tar.bz2#c7fd66fedfff76bfe477c6f33c96d83a
https://conda.anaconda.org/conda-forge/noarch/traitlets-5.1.1-pyhd8ed1ab_0.tar.bz2#a1bc9765ef9499760e88f568b3a6622c
https://conda.anaconda.org/conda-forge/noarch/typing-3.10.0.0-pyhd8ed1ab_0.tar.bz2#e6573ac68718f17b9d4f5c8eda3190f2
https://conda.anaconda.org/conda-forge/noarch/typing_extensions-4.0.1-pyha770c72_0.tar.bz2#1fc03816925d3cb7fdab9ab234e7fea7
https://conda.anaconda.org/conda-forge/noarch/wasabi-0.9.0-pyhd8ed1ab_0.tar.bz2#590a886577b63011b7e42e369de631a6
https://conda.anaconda.org/conda-forge/noarch/wheel-0.37.1-pyhd8ed1ab_0.tar.bz2#1ca02aaf78d9c70d9a81a3bed5752022
https://conda.anaconda.org/conda-forge/noarch/youtube-dl-2021.12.17-pyhd8ed1ab_0.tar.bz2#316c81cadd5eeaef3f902fd2e4b95fc4
https://conda.anaconda.org/conda-forge/noarch/zipp-3.7.0-pyhd8ed1ab_1.tar.bz2#b689b2cbc8481b224777415e1a193170
https://conda.anaconda.org/conda-forge/noarch/beautifulsoup4-4.10.0-pyha770c72_0.tar.bz2#c29e0b4a2ff546cedbe6dc2921948a1d
https://conda.anaconda.org/conda-forge/linux-64/certifi-2021.10.8-py37h89c1867_1.tar.bz2#48e8442b6097c7d4a0e3494c74ff9eeb
https://conda.anaconda.org/conda-forge/linux-64/cffi-1.15.0-py37h036bc23_0.tar.bz2#05ab26c7685bcb7dd8bc8752c121f823
https://conda.anaconda.org/conda-forge/linux-64/cymem-2.0.6-py37hcd2ae1e_2.tar.bz2#25a619e525371ca263d3b9093b146843
https://conda.anaconda.org/conda-forge/linux-64/debugpy-1.5.1-py37hcd2ae1e_0.tar.bz2#739a721301e47f42998af7bd51f0c42c
https://conda.anaconda.org/conda-forge/noarch/docker-pycreds-0.4.0-py_0.tar.bz2#c69f19038efee4eb534623610d0c2053
https://conda.anaconda.org/conda-forge/linux-64/future-0.18.2-py37h89c1867_4.tar.bz2#42466287d5c999524766bb30a24fe840
https://conda.anaconda.org/conda-forge/noarch/gitdb-4.0.9-pyhd8ed1ab_0.tar.bz2#40fc6b14a45dee3a3fd9f302d026108e
https://conda.anaconda.org/conda-forge/linux-64/importlib-metadata-4.11.0-py37h89c1867_0.tar.bz2#3cf6c3423660e1029b8e7720bfb5ebc2
https://conda.anaconda.org/conda-forge/linux-64/jedi-0.18.1-py37h89c1867_0.tar.bz2#432446f7c13e1babe6bc05ba74d30f64
https://conda.anaconda.org/conda-forge/linux-64/jupyter_core-4.9.1-py37h89c1867_1.tar.bz2#95df6ebc6f4e8edd5d87aa99c59da605
https://conda.anaconda.org/conda-forge/linux-64/kiwisolver-1.3.2-py37h2527ec5_1.tar.bz2#441ac4d93d0d57d21ea9dcac48cb5d0d
https://conda.anaconda.org/conda-forge/linux-64/markupsafe-2.0.1-py37h5e8e339_1.tar.bz2#6c7c14c95d4c435b66261639b64c7c51
https://conda.anaconda.org/conda-forge/noarch/matplotlib-inline-0.1.3-pyhd8ed1ab_0.tar.bz2#be3bfd435802d2c768c6b2439f325f3d
https://conda.anaconda.org/conda-forge/linux-64/murmurhash-1.0.6-py37hcd2ae1e_2.tar.bz2#84e8d5fd40fb952dd76ec882c8751f43
https://conda.anaconda.org/conda-forge/linux-64/numpy-1.21.5-py37hf2998dd_0.tar.bz2#ae1049dd3d8d15fc02af2f417cff5494
https://conda.anaconda.org/conda-forge/noarch/packaging-21.3-pyhd8ed1ab_0.tar.bz2#71f1ab2de48613876becddd496371c85
https://conda.anaconda.org/conda-forge/noarch/pexpect-4.8.0-pyh9f0ad1d_2.tar.bz2#5909e7b978141dd80d28dbf9de627827
https://conda.anaconda.org/conda-forge/linux-64/pillow-8.4.0-py37h0f21c89_0.tar.bz2#f2ee406e65db2c5ddd5fa88a3c41a0c5
https://conda.anaconda.org/conda-forge/linux-64/promise-2.3-py37h89c1867_5.tar.bz2#95d6e78d28589c8ab75db3e8aef39c4c
https://conda.anaconda.org/conda-forge/linux-64/psutil-5.9.0-py37h5e8e339_0.tar.bz2#009832a45a0d9240aa3f3329055da1ef
https://conda.anaconda.org/conda-forge/linux-64/pydantic-1.7.3-py37h5e8e339_1.tar.bz2#4c714664aa8e3e8f956cb827de1395ea
https://conda.anaconda.org/conda-forge/linux-64/pyqt5-sip-4.19.18-py37hcd2ae1e_8.tar.bz2#ae12b17bbd5733cb8884b42dcc5c59f0
https://conda.anaconda.org/conda-forge/linux-64/pysocks-1.7.1-py37h89c1867_4.tar.bz2#44df88d27e2891f90e3f06dcfcca0927
https://conda.anaconda.org/conda-forge/noarch/python-dateutil-2.8.2-pyhd8ed1ab_0.tar.bz2#dd999d1cc9f79e67dbb855c8924c7984
https://conda.anaconda.org/conda-forge/linux-64/pyyaml-6.0-py37h5e8e339_3.tar.bz2#7f167ecf4d4771ee33589e09479238e7
https://conda.anaconda.org/conda-forge/linux-64/pyzmq-22.3.0-py37h336d617_1.tar.bz2#6512cf886a870090430e2f37f41b652e
https://conda.anaconda.org/conda-forge/linux-64/qt-5.12.9-ha98a1a1_5.tar.bz2#9b27fa0b1044a2119fb1b290617fe06f
https://conda.anaconda.org/conda-forge/linux-64/setuptools-59.8.0-py37h89c1867_0.tar.bz2#1da18279642c5070b8252f9ef937823e
https://conda.anaconda.org/conda-forge/linux-64/shortuuid-1.0.8-py37h89c1867_0.tar.bz2#54dd98ccab20eac5068b8f8606fa4d3e
https://conda.anaconda.org/conda-forge/linux-64/tornado-6.1-py37h5e8e339_2.tar.bz2#ec86ae00c96dea5f2d810957a8fabc26
https://conda.anaconda.org/conda-forge/noarch/tqdm-4.62.3-pyhd8ed1ab_0.tar.bz2#24ed42db084efd6e615babec03c2b460
https://conda.anaconda.org/conda-forge/noarch/typer-0.3.2-pyhd8ed1ab_0.tar.bz2#2a8bd95028ef27c7940c6c790b600e7e
https://conda.anaconda.org/conda-forge/noarch/typing-extensions-4.0.1-hd8ed1ab_0.tar.bz2#c0d4ec4bcbceb927bff1103a997410d3
https://conda.anaconda.org/conda-forge/linux-64/unicodedata2-14.0.0-py37h5e8e339_0.tar.bz2#9f4ac5fb219d7c63c3c3cd9c630b81a6
https://conda.anaconda.org/conda-forge/noarch/yaspin-2.1.0-pyhd8ed1ab_0.tar.bz2#effc2f210a1e06cadccefc3f38c3d53e
https://conda.anaconda.org/conda-forge/noarch/backports.functools_lru_cache-1.6.4-pyhd8ed1ab_0.tar.bz2#c5b3edc62d6309088f4970b3eaaa65a6
https://conda.anaconda.org/conda-forge/linux-64/bottleneck-1.3.2-py37hb1e94ed_5.tar.bz2#0137644f04ffc3264e1a33ed380fc1a9
https://conda.anaconda.org/conda-forge/linux-64/brotlipy-0.7.0-py37h5e8e339_1003.tar.bz2#4ad2e74470a3c08b0f6d59699f0d9a32
https://conda.anaconda.org/conda-forge/linux-64/catalogue-2.0.6-py37h89c1867_1.tar.bz2#11d6ecb3d7cf0f26ae6fcf3caa741f5a
https://conda.anaconda.org/conda-forge/linux-64/cryptography-36.0.1-py37hf1a17b8_0.tar.bz2#7ad2c98aaab85d80017b3a6f79a2aa5d
https://conda.anaconda.org/conda-forge/linux-64/cython-blis-0.7.5-py37hb1e94ed_1.tar.bz2#091f65d64056cc5c2a37fb53fd92335e
https://conda.anaconda.org/conda-forge/noarch/ffmpeg-python-0.2.0-py_0.tar.bz2#314d903f14c9c6ae6e26d6ba3f8374f3
https://conda.anaconda.org/conda-forge/linux-64/fonttools-4.29.1-py37h5e8e339_0.tar.bz2#fbfc7da920d04fee5e09c518de4d7f8a
https://conda.anaconda.org/conda-forge/noarch/gitpython-3.1.26-pyhd8ed1ab_0.tar.bz2#c7b9653079867a135c4fa9da3d8ea029
https://conda.anaconda.org/conda-forge/noarch/importlib_metadata-4.11.0-hd8ed1ab_0.tar.bz2#055527ea5c1cf1b4a33c2a65df28fccd
https://conda.anaconda.org/conda-forge/noarch/jinja2-3.0.3-pyhd8ed1ab_0.tar.bz2#036d872c653780cb26e797e2e2f61b4c
https://conda.anaconda.org/conda-forge/noarch/jupyter_client-7.1.2-pyhd8ed1ab_0.tar.bz2#9a332b6f8f05629435ce59032df8cfa9
https://conda.anaconda.org/conda-forge/linux-64/numexpr-2.7.3-py37he8f5f7f_1.tar.bz2#d7ba4b93381b67ea9fb914bad1926834
https://conda.anaconda.org/fastai/linux-64/opencv-python-headless-4.5.4.60-py37_0.tar.bz2#d4dff1187d2b535fc65b680105b37ba5
https://conda.anaconda.org/conda-forge/linux-64/pandas-1.3.5-py37he8f5f7f_0.tar.bz2#6ebf1968b199a141a5cce6adaedb3651
https://conda.anaconda.org/conda-forge/noarch/pathy-0.6.1-pyhd8ed1ab_0.tar.bz2#ab198b89e712ac2f74ca0658a58ad103
https://conda.anaconda.org/conda-forge/noarch/pip-22.0.3-pyhd8ed1ab_0.tar.bz2#45dedae69a0ea21cb8566d04b2ca5536
https://conda.anaconda.org/conda-forge/linux-64/preshed-3.0.6-py37hcd2ae1e_1.tar.bz2#8f8f583a6e1c1891b1db000a7da310d8
https://conda.anaconda.org/conda-forge/linux-64/protobuf-3.19.4-py37hcd2ae1e_0.tar.bz2#14e2320fe1812c19bd10eb677e78741d
https://conda.anaconda.org/conda-forge/noarch/pygments-2.11.2-pyhd8ed1ab_0.tar.bz2#caef60540e2239e27bf62569a5015e3b
https://conda.anaconda.org/conda-forge/linux-64/pyqt-impl-5.12.3-py37hac37412_8.tar.bz2#148f2e971a67831ed0691f63cd826468
https://conda.anaconda.org/pytorch/linux-64/pytorch-1.0.1-py3.7_cuda10.0.130_cudnn7.4.2_2.tar.bz2#ccdf8e880c1623f8dc412e0d7ee75302
https://conda.anaconda.org/conda-forge/linux-64/scipy-1.7.3-py37hf2a6cf1_0.tar.bz2#129c613e1d0f09d9fd0473a0da6161a9
https://conda.anaconda.org/fastai/noarch/fastprogress-1.0.0-pyh39e3cac_0.tar.bz2#78abce40d7a900871c861fc35fa4dfee
https://conda.anaconda.org/conda-forge/linux-64/matplotlib-base-3.5.1-py37h1058ff1_0.tar.bz2#b431c18c1cf130f03d83498f2ef7047b
https://conda.anaconda.org/conda-forge/noarch/pyopenssl-22.0.0-pyhd8ed1ab_0.tar.bz2#1d7e241dfaf5475e893d4b824bb71b44
https://conda.anaconda.org/conda-forge/linux-64/pyqtchart-5.12-py37he336c9b_8.tar.bz2#2fe25d82cb4e59191df561c40870ca6b
https://conda.anaconda.org/conda-forge/linux-64/pyqtwebengine-5.12.1-py37he336c9b_8.tar.bz2#0a67d477c0524897883ca0f86d6fb15c
https://conda.anaconda.org/conda-forge/linux-64/srsly-2.4.2-py37hcd2ae1e_1.tar.bz2#c14c991b57c8b0d5328aa995770ef35c
https://conda.anaconda.org/conda-forge/noarch/tensorboardx-1.6-py_0.tar.bz2#ae4e9e448a1c5a331c2d85a7a7159f67
https://conda.anaconda.org/pytorch/noarch/torchvision-0.2.2-py_3.tar.bz2#ca1cf90e13649212ed678c624a9031d4
https://conda.anaconda.org/conda-forge/noarch/wcwidth-0.2.5-pyh9f0ad1d_2.tar.bz2#5266fcd697043c59621fda522b3d78ee
https://conda.anaconda.org/conda-forge/noarch/prompt-toolkit-3.0.27-pyha770c72_0.tar.bz2#6c23d05d56ee3a82b57af972a8509888
https://conda.anaconda.org/conda-forge/linux-64/pyqt-5.12.3-py37h89c1867_8.tar.bz2#8038f9765a907fcf6fdfa6a9db71e371
https://conda.anaconda.org/conda-forge/linux-64/thinc-8.0.3-py37hda21425_1.tar.bz2#4e3582ac90dd09fc35c1e20ebe5d1373
https://conda.anaconda.org/conda-forge/noarch/urllib3-1.26.8-pyhd8ed1ab_1.tar.bz2#53f1387c68c21cecb386e2cde51b3f7c
https://conda.anaconda.org/conda-forge/linux-64/ipython-7.31.1-py37h89c1867_0.tar.bz2#764033508e28c9b0f7b02327416aab9a
https://conda.anaconda.org/conda-forge/linux-64/matplotlib-3.5.1-py37h89c1867_0.tar.bz2#b14435faa62d35cea49a9183d595f145
https://conda.anaconda.org/conda-forge/noarch/requests-2.27.1-pyhd8ed1ab_0.tar.bz2#7c1c427246b057b8fa97200ecdb2ed62
https://conda.anaconda.org/conda-forge/noarch/sentry-sdk-1.5.5-pyhd8ed1ab_0.tar.bz2#d11fa018bef96fc320afdc610da091f0
https://conda.anaconda.org/conda-forge/linux-64/ipykernel-6.9.0-py37h6531663_0.tar.bz2#18dd74f70367f22ee70fcd28cd1c0ad3
https://conda.anaconda.org/conda-forge/linux-64/spacy-3.0.3-py37h6dcda5c_0.tar.bz2#5d8e7079d566a9e0239a2134d62e9b98
https://conda.anaconda.org/conda-forge/noarch/wandb-0.12.10-pyhd8ed1ab_0.tar.bz2#ade60e1eff55d27ccae3cee5d9406157
https://conda.anaconda.org/fastai/noarch/fastai-1.0.51-1.tar.bz2#126e79da48f5f5263746d2d933d49ed6
